// !$*UTF8*$!
{
	archiveVersion = 1;
	classes = {
	};
	objectVersion = 46;
	objects = {

/* Begin PBXBuildFile section */
		64B36DC5175E11A60033759F /* UIKit.framework in Frameworks */ = {isa = PBXBuildFile; fileRef = 64B36DC4175E11A60033759F /* UIKit.framework */; };
		64B36DC7175E11A60033759F /* Foundation.framework in Frameworks */ = {isa = PBXBuildFile; fileRef = 64B36DC6175E11A60033759F /* Foundation.framework */; };
		64B36DC9175E11A60033759F /* CoreGraphics.framework in Frameworks */ = {isa = PBXBuildFile; fileRef = 64B36DC8175E11A60033759F /* CoreGraphics.framework */; };
		64B36DCF175E11A60033759F /* InfoPlist.strings in Resources */ = {isa = PBXBuildFile; fileRef = 64B36DCD175E11A60033759F /* InfoPlist.strings */; };
		64B36DD1175E11A60033759F /* main.m in Sources */ = {isa = PBXBuildFile; fileRef = 64B36DD0175E11A60033759F /* main.m */; };
		64B36DD5175E11A60033759F /* LoginAppDelegate.m in Sources */ = {isa = PBXBuildFile; fileRef = 64B36DD4175E11A60033759F /* LoginAppDelegate.m */; };
		64B36DD7175E11A60033759F /* Default.png in Resources */ = {isa = PBXBuildFile; fileRef = 64B36DD6175E11A60033759F /* Default.png */; };
		64B36DD9175E11A60033759F /* Default@2x.png in Resources */ = {isa = PBXBuildFile; fileRef = 64B36DD8175E11A60033759F /* Default@2x.png */; };
		64B36DDB175E11A60033759F /* Default-568h@2x.png in Resources */ = {isa = PBXBuildFile; fileRef = 64B36DDA175E11A60033759F /* Default-568h@2x.png */; };
		64B36DDE175E11A60033759F /* LoginViewController.m in Sources */ = {isa = PBXBuildFile; fileRef = 64B36DDD175E11A60033759F /* LoginViewController.m */; };
		64B36DE1175E11A60033759F /* LoginViewController_iPhone.xib in Resources */ = {isa = PBXBuildFile; fileRef = 64B36DDF175E11A60033759F /* LoginViewController_iPhone.xib */; };
		64B36DE4175E11A60033759F /* LoginViewController_iPad.xib in Resources */ = {isa = PBXBuildFile; fileRef = 64B36DE2175E11A60033759F /* LoginViewController_iPad.xib */; };
		64B36E04175E1ADD0033759F /* NSObject+SBJson.m in Sources */ = {isa = PBXBuildFile; fileRef = 64B36DEC175E1ADD0033759F /* NSObject+SBJson.m */; };
		64B36E05175E1ADD0033759F /* SBJsonParser.m in Sources */ = {isa = PBXBuildFile; fileRef = 64B36DEF175E1ADD0033759F /* SBJsonParser.m */; };
		64B36E06175E1ADD0033759F /* SBJsonStreamParser.m in Sources */ = {isa = PBXBuildFile; fileRef = 64B36DF1175E1ADD0033759F /* SBJsonStreamParser.m */; };
		64B36E07175E1ADD0033759F /* SBJsonStreamParserAccumulator.m in Sources */ = {isa = PBXBuildFile; fileRef = 64B36DF3175E1ADD0033759F /* SBJsonStreamParserAccumulator.m */; };
		64B36E08175E1ADD0033759F /* SBJsonStreamParserAdapter.m in Sources */ = {isa = PBXBuildFile; fileRef = 64B36DF5175E1ADD0033759F /* SBJsonStreamParserAdapter.m */; };
		64B36E09175E1ADD0033759F /* SBJsonStreamParserState.m in Sources */ = {isa = PBXBuildFile; fileRef = 64B36DF7175E1ADD0033759F /* SBJsonStreamParserState.m */; };
		64B36E0A175E1ADD0033759F /* SBJsonStreamWriter.m in Sources */ = {isa = PBXBuildFile; fileRef = 64B36DF9175E1ADD0033759F /* SBJsonStreamWriter.m */; };
		64B36E0B175E1ADD0033759F /* SBJsonStreamWriterAccumulator.m in Sources */ = {isa = PBXBuildFile; fileRef = 64B36DFB175E1ADD0033759F /* SBJsonStreamWriterAccumulator.m */; };
		64B36E0C175E1ADD0033759F /* SBJsonStreamWriterState.m in Sources */ = {isa = PBXBuildFile; fileRef = 64B36DFD175E1ADD0033759F /* SBJsonStreamWriterState.m */; };
		64B36E0D175E1ADD0033759F /* SBJsonTokeniser.m in Sources */ = {isa = PBXBuildFile; fileRef = 64B36DFF175E1ADD0033759F /* SBJsonTokeniser.m */; };
		64B36E0E175E1ADD0033759F /* SBJsonUTF8Stream.m in Sources */ = {isa = PBXBuildFile; fileRef = 64B36E01175E1ADD0033759F /* SBJsonUTF8Stream.m */; };
		64B36E0F175E1ADD0033759F /* SBJsonWriter.m in Sources */ = {isa = PBXBuildFile; fileRef = 64B36E03175E1ADD0033759F /* SBJsonWriter.m */; };
/* End PBXBuildFile section */

/* Begin PBXFileReference section */
		64B36DC1175E11A60033759F /* Login.app */ = {isa = PBXFileReference; explicitFileType = wrapper.application; includeInIndex = 0; path = Login.app; sourceTree = BUILT_PRODUCTS_DIR; };
		64B36DC4175E11A60033759F /* UIKit.framework */ = {isa = PBXFileReference; lastKnownFileType = wrapper.framework; name = UIKit.framework; path = System/Library/Frameworks/UIKit.framework; sourceTree = SDKROOT; };
		64B36DC6175E11A60033759F /* Foundation.framework */ = {isa = PBXFileReference; lastKnownFileType = wrapper.framework; name = Foundation.framework; path = System/Library/Frameworks/Foundation.framework; sourceTree = SDKROOT; };
		64B36DC8175E11A60033759F /* CoreGraphics.framework */ = {isa = PBXFileReference; lastKnownFileType = wrapper.framework; name = CoreGraphics.framework; path = System/Library/Frameworks/CoreGraphics.framework; sourceTree = SDKROOT; };
		64B36DCC175E11A60033759F /* Login-Info.plist */ = {isa = PBXFileReference; lastKnownFileType = text.plist.xml; path = "Login-Info.plist"; sourceTree = "<group>"; };
		64B36DCE175E11A60033759F /* en */ = {isa = PBXFileReference; lastKnownFileType = text.plist.strings; name = en; path = en.lproj/InfoPlist.strings; sourceTree = "<group>"; };
		64B36DD0175E11A60033759F /* main.m */ = {isa = PBXFileReference; lastKnownFileType = sourcecode.c.objc; path = main.m; sourceTree = "<group>"; };
		64B36DD2175E11A60033759F /* Login-Prefix.pch */ = {isa = PBXFileReference; lastKnownFileType = sourcecode.c.h; path = "Login-Prefix.pch"; sourceTree = "<group>"; };
		64B36DD3175E11A60033759F /* LoginAppDelegate.h */ = {isa = PBXFileReference; lastKnownFileType = sourcecode.c.h; path = LoginAppDelegate.h; sourceTree = "<group>"; };
		64B36DD4175E11A60033759F /* LoginAppDelegate.m */ = {isa = PBXFileReference; lastKnownFileType = sourcecode.c.objc; path = LoginAppDelegate.m; sourceTree = "<group>"; };
		64B36DD6175E11A60033759F /* Default.png */ = {isa = PBXFileReference; lastKnownFileType = image.png; path = Default.png; sourceTree = "<group>"; };
		64B36DD8175E11A60033759F /* Default@2x.png */ = {isa = PBXFileReference; lastKnownFileType = image.png; path = "Default@2x.png"; sourceTree = "<group>"; };
		64B36DDA175E11A60033759F /* Default-568h@2x.png */ = {isa = PBXFileReference; lastKnownFileType = image.png; path = "Default-568h@2x.png"; sourceTree = "<group>"; };
		64B36DDC175E11A60033759F /* LoginViewController.h */ = {isa = PBXFileReference; lastKnownFileType = sourcecode.c.h; path = LoginViewController.h; sourceTree = "<group>"; };
		64B36DDD175E11A60033759F /* LoginViewController.m */ = {isa = PBXFileReference; lastKnownFileType = sourcecode.c.objc; path = LoginViewController.m; sourceTree = "<group>"; };
		64B36DE0175E11A60033759F /* en */ = {isa = PBXFileReference; lastKnownFileType = file.xib; name = en; path = en.lproj/LoginViewController_iPhone.xib; sourceTree = "<group>"; };
		64B36DE3175E11A60033759F /* en */ = {isa = PBXFileReference; lastKnownFileType = file.xib; name = en; path = en.lproj/LoginViewController_iPad.xib; sourceTree = "<group>"; };
		64B36DEB175E1ADD0033759F /* NSObject+SBJson.h */ = {isa = PBXFileReference; fileEncoding = 4; lastKnownFileType = sourcecode.c.h; path = "NSObject+SBJson.h"; sourceTree = "<group>"; };
		64B36DEC175E1ADD0033759F /* NSObject+SBJson.m */ = {isa = PBXFileReference; fileEncoding = 4; lastKnownFileType = sourcecode.c.objc; path = "NSObject+SBJson.m"; sourceTree = "<group>"; };
		64B36DED175E1ADD0033759F /* SBJson.h */ = {isa = PBXFileReference; fileEncoding = 4; lastKnownFileType = sourcecode.c.h; path = SBJson.h; sourceTree = "<group>"; };
		64B36DEE175E1ADD0033759F /* SBJsonParser.h */ = {isa = PBXFileReference; fileEncoding = 4; lastKnownFileType = sourcecode.c.h; path = SBJsonParser.h; sourceTree = "<group>"; };
		64B36DEF175E1ADD0033759F /* SBJsonParser.m */ = {isa = PBXFileReference; fileEncoding = 4; lastKnownFileType = sourcecode.c.objc; path = SBJsonParser.m; sourceTree = "<group>"; };
		64B36DF0175E1ADD0033759F /* SBJsonStreamParser.h */ = {isa = PBXFileReference; fileEncoding = 4; lastKnownFileType = sourcecode.c.h; path = SBJsonStreamParser.h; sourceTree = "<group>"; };
		64B36DF1175E1ADD0033759F /* SBJsonStreamParser.m */ = {isa = PBXFileReference; fileEncoding = 4; lastKnownFileType = sourcecode.c.objc; path = SBJsonStreamParser.m; sourceTree = "<group>"; };
		64B36DF2175E1ADD0033759F /* SBJsonStreamParserAccumulator.h */ = {isa = PBXFileReference; fileEncoding = 4; lastKnownFileType = sourcecode.c.h; path = SBJsonStreamParserAccumulator.h; sourceTree = "<group>"; };
		64B36DF3175E1ADD0033759F /* SBJsonStreamParserAccumulator.m */ = {isa = PBXFileReference; fileEncoding = 4; lastKnownFileType = sourcecode.c.objc; path = SBJsonStreamParserAccumulator.m; sourceTree = "<group>"; };
		64B36DF4175E1ADD0033759F /* SBJsonStreamParserAdapter.h */ = {isa = PBXFileReference; fileEncoding = 4; lastKnownFileType = sourcecode.c.h; path = SBJsonStreamParserAdapter.h; sourceTree = "<group>"; };
		64B36DF5175E1ADD0033759F /* SBJsonStreamParserAdapter.m */ = {isa = PBXFileReference; fileEncoding = 4; lastKnownFileType = sourcecode.c.objc; path = SBJsonStreamParserAdapter.m; sourceTree = "<group>"; };
		64B36DF6175E1ADD0033759F /* SBJsonStreamParserState.h */ = {isa = PBXFileReference; fileEncoding = 4; lastKnownFileType = sourcecode.c.h; path = SBJsonStreamParserState.h; sourceTree = "<group>"; };
		64B36DF7175E1ADD0033759F /* SBJsonStreamParserState.m */ = {isa = PBXFileReference; fileEncoding = 4; lastKnownFileType = sourcecode.c.objc; path = SBJsonStreamParserState.m; sourceTree = "<group>"; };
		64B36DF8175E1ADD0033759F /* SBJsonStreamWriter.h */ = {isa = PBXFileReference; fileEncoding = 4; lastKnownFileType = sourcecode.c.h; path = SBJsonStreamWriter.h; sourceTree = "<group>"; };
		64B36DF9175E1ADD0033759F /* SBJsonStreamWriter.m */ = {isa = PBXFileReference; fileEncoding = 4; lastKnownFileType = sourcecode.c.objc; path = SBJsonStreamWriter.m; sourceTree = "<group>"; };
		64B36DFA175E1ADD0033759F /* SBJsonStreamWriterAccumulator.h */ = {isa = PBXFileReference; fileEncoding = 4; lastKnownFileType = sourcecode.c.h; path = SBJsonStreamWriterAccumulator.h; sourceTree = "<group>"; };
		64B36DFB175E1ADD0033759F /* SBJsonStreamWriterAccumulator.m */ = {isa = PBXFileReference; fileEncoding = 4; lastKnownFileType = sourcecode.c.objc; path = SBJsonStreamWriterAccumulator.m; sourceTree = "<group>"; };
		64B36DFC175E1ADD0033759F /* SBJsonStreamWriterState.h */ = {isa = PBXFileReference; fileEncoding = 4; lastKnownFileType = sourcecode.c.h; path = SBJsonStreamWriterState.h; sourceTree = "<group>"; };
		64B36DFD175E1ADD0033759F /* SBJsonStreamWriterState.m */ = {isa = PBXFileReference; fileEncoding = 4; lastKnownFileType = sourcecode.c.objc; path = SBJsonStreamWriterState.m; sourceTree = "<group>"; };
		64B36DFE175E1ADD0033759F /* SBJsonTokeniser.h */ = {isa = PBXFileReference; fileEncoding = 4; lastKnownFileType = sourcecode.c.h; path = SBJsonTokeniser.h; sourceTree = "<group>"; };
		64B36DFF175E1ADD0033759F /* SBJsonTokeniser.m */ = {isa = PBXFileReference; fileEncoding = 4; lastKnownFileType = sourcecode.c.objc; path = SBJsonTokeniser.m; sourceTree = "<group>"; };
		64B36E00175E1ADD0033759F /* SBJsonUTF8Stream.h */ = {isa = PBXFileReference; fileEncoding = 4; lastKnownFileType = sourcecode.c.h; path = SBJsonUTF8Stream.h; sourceTree = "<group>"; };
		64B36E01175E1ADD0033759F /* SBJsonUTF8Stream.m */ = {isa = PBXFileReference; fileEncoding = 4; lastKnownFileType = sourcecode.c.objc; path = SBJsonUTF8Stream.m; sourceTree = "<group>"; };
		64B36E02175E1ADD0033759F /* SBJsonWriter.h */ = {isa = PBXFileReference; fileEncoding = 4; lastKnownFileType = sourcecode.c.h; path = SBJsonWriter.h; sourceTree = "<group>"; };
		64B36E03175E1ADD0033759F /* SBJsonWriter.m */ = {isa = PBXFileReference; fileEncoding = 4; lastKnownFileType = sourcecode.c.objc; path = SBJsonWriter.m; sourceTree = "<group>"; };
/* End PBXFileReference section */

/* Begin PBXFrameworksBuildPhase section */
		64B36DBE175E11A60033759F /* Frameworks */ = {
			isa = PBXFrameworksBuildPhase;
			buildActionMask = 2147483647;
			files = (
				64B36DC5175E11A60033759F /* UIKit.framework in Frameworks */,
				64B36DC7175E11A60033759F /* Foundation.framework in Frameworks */,
				64B36DC9175E11A60033759F /* CoreGraphics.framework in Frameworks */,
			);
			runOnlyForDeploymentPostprocessing = 0;
		};
/* End PBXFrameworksBuildPhase section */

/* Begin PBXGroup section */
		64B36DB8175E11A60033759F = {
			isa = PBXGroup;
			children = (
				64B36DCA175E11A60033759F /* Login */,
				64B36DC3175E11A60033759F /* Frameworks */,
				64B36DC2175E11A60033759F /* Products */,
			);
			sourceTree = "<group>";
		};
		64B36DC2175E11A60033759F /* Products */ = {
			isa = PBXGroup;
			children = (
				64B36DC1175E11A60033759F /* Login.app */,
			);
			name = Products;
			sourceTree = "<group>";
		};
		64B36DC3175E11A60033759F /* Frameworks */ = {
			isa = PBXGroup;
			children = (
				64B36DC4175E11A60033759F /* UIKit.framework */,
				64B36DC6175E11A60033759F /* Foundation.framework */,
				64B36DC8175E11A60033759F /* CoreGraphics.framework */,
			);
			name = Frameworks;
			sourceTree = "<group>";
		};
		64B36DCA175E11A60033759F /* Login */ = {
			isa = PBXGroup;
			children = (
				64B36DEA175E1A8C0033759F /* json */,
				64B36DD3175E11A60033759F /* LoginAppDelegate.h */,
				64B36DD4175E11A60033759F /* LoginAppDelegate.m */,
				64B36DDC175E11A60033759F /* LoginViewController.h */,
				64B36DDD175E11A60033759F /* LoginViewController.m */,
				64B36DDF175E11A60033759F /* LoginViewController_iPhone.xib */,
				64B36DE2175E11A60033759F /* LoginViewController_iPad.xib */,
				64B36DCB175E11A60033759F /* Supporting Files */,
			);
			path = Login;
			sourceTree = "<group>";
		};
		64B36DCB175E11A60033759F /* Supporting Files */ = {
			isa = PBXGroup;
			children = (
				64B36DCC175E11A60033759F /* Login-Info.plist */,
				64B36DCD175E11A60033759F /* InfoPlist.strings */,
				64B36DD0175E11A60033759F /* main.m */,
				64B36DD2175E11A60033759F /* Login-Prefix.pch */,
				64B36DD6175E11A60033759F /* Default.png */,
				64B36DD8175E11A60033759F /* Default@2x.png */,
				64B36DDA175E11A60033759F /* Default-568h@2x.png */,
			);
			name = "Supporting Files";
			sourceTree = "<group>";
		};
		64B36DEA175E1A8C0033759F /* json */ = {
			isa = PBXGroup;
			children = (
				64B36DEB175E1ADD0033759F /* NSObject+SBJson.h */,
				64B36DEC175E1ADD0033759F /* NSObject+SBJson.m */,
				64B36DED175E1ADD0033759F /* SBJson.h */,
				64B36DEE175E1ADD0033759F /* SBJsonParser.h */,
				64B36DEF175E1ADD0033759F /* SBJsonParser.m */,
				64B36DF0175E1ADD0033759F /* SBJsonStreamParser.h */,
				64B36DF1175E1ADD0033759F /* SBJsonStreamParser.m */,
				64B36DF2175E1ADD0033759F /* SBJsonStreamParserAccumulator.h */,
				64B36DF3175E1ADD0033759F /* SBJsonStreamParserAccumulator.m */,
				64B36DF4175E1ADD0033759F /* SBJsonStreamParserAdapter.h */,
				64B36DF5175E1ADD0033759F /* SBJsonStreamParserAdapter.m */,
				64B36DF6175E1ADD0033759F /* SBJsonStreamParserState.h */,
				64B36DF7175E1ADD0033759F /* SBJsonStreamParserState.m */,
				64B36DF8175E1ADD0033759F /* SBJsonStreamWriter.h */,
				64B36DF9175E1ADD0033759F /* SBJsonStreamWriter.m */,
				64B36DFA175E1ADD0033759F /* SBJsonStreamWriterAccumulator.h */,
				64B36DFB175E1ADD0033759F /* SBJsonStreamWriterAccumulator.m */,
				64B36DFC175E1ADD0033759F /* SBJsonStreamWriterState.h */,
				64B36DFD175E1ADD0033759F /* SBJsonStreamWriterState.m */,
				64B36DFE175E1ADD0033759F /* SBJsonTokeniser.h */,
				64B36DFF175E1ADD0033759F /* SBJsonTokeniser.m */,
				64B36E00175E1ADD0033759F /* SBJsonUTF8Stream.h */,
				64B36E01175E1ADD0033759F /* SBJsonUTF8Stream.m */,
				64B36E02175E1ADD0033759F /* SBJsonWriter.h */,
				64B36E03175E1ADD0033759F /* SBJsonWriter.m */,
			);
			name = json;
			sourceTree = "<group>";
		};
/* End PBXGroup section */

/* Begin PBXNativeTarget section */
		64B36DC0175E11A60033759F /* Login */ = {
			isa = PBXNativeTarget;
			buildConfigurationList = 64B36DE7175E11A60033759F /* Build configuration list for PBXNativeTarget "Login" */;
			buildPhases = (
				64B36DBD175E11A60033759F /* Sources */,
				64B36DBE175E11A60033759F /* Frameworks */,
				64B36DBF175E11A60033759F /* Resources */,
			);
			buildRules = (
			);
			dependencies = (
			);
			name = Login;
			productName = Login;
			productReference = 64B36DC1175E11A60033759F /* Login.app */;
			productType = "com.apple.product-type.application";
		};
/* End PBXNativeTarget section */

/* Begin PBXProject section */
		64B36DB9175E11A60033759F /* Project object */ = {
			isa = PBXProject;
			attributes = {
				CLASSPREFIX = Login;
				LastUpgradeCheck = 0460;
				ORGANIZATIONNAME = "Goldsack, Briony";
			};
			buildConfigurationList = 64B36DBC175E11A60033759F /* Build configuration list for PBXProject "Login" */;
			compatibilityVersion = "Xcode 3.2";
			developmentRegion = English;
			hasScannedForEncodings = 0;
			knownRegions = (
				en,
			);
			mainGroup = 64B36DB8175E11A60033759F;
			productRefGroup = 64B36DC2175E11A60033759F /* Products */;
			projectDirPath = "";
			projectRoot = "";
			targets = (
				64B36DC0175E11A60033759F /* Login */,
			);
		};
/* End PBXProject section */

/* Begin PBXResourcesBuildPhase section */
		64B36DBF175E11A60033759F /* Resources */ = {
			isa = PBXResourcesBuildPhase;
			buildActionMask = 2147483647;
			files = (
				64B36DCF175E11A60033759F /* InfoPlist.strings in Resources */,
				64B36DD7175E11A60033759F /* Default.png in Resources */,
				64B36DD9175E11A60033759F /* Default@2x.png in Resources */,
				64B36DDB175E11A60033759F /* Default-568h@2x.png in Resources */,
				64B36DE1175E11A60033759F /* LoginViewController_iPhone.xib in Resources */,
				64B36DE4175E11A60033759F /* LoginViewController_iPad.xib in Resources */,
			);
			runOnlyForDeploymentPostprocessing = 0;
		};
/* End PBXResourcesBuildPhase section */

/* Begin PBXSourcesBuildPhase section */
		64B36DBD175E11A60033759F /* Sources */ = {
			isa = PBXSourcesBuildPhase;
			buildActionMask = 2147483647;
			files = (
				64B36DD1175E11A60033759F /* main.m in Sources */,
				64B36DD5175E11A60033759F /* LoginAppDelegate.m in Sources */,
				64B36DDE175E11A60033759F /* LoginViewController.m in Sources */,
				64B36E04175E1ADD0033759F /* NSObject+SBJson.m in Sources */,
				64B36E05175E1ADD0033759F /* SBJsonParser.m in Sources */,
				64B36E06175E1ADD0033759F /* SBJsonStreamParser.m in Sources */,
				64B36E07175E1ADD0033759F /* SBJsonStreamParserAccumulator.m in Sources */,
				64B36E08175E1ADD0033759F /* SBJsonStreamParserAdapter.m in Sources */,
				64B36E09175E1ADD0033759F /* SBJsonStreamParserState.m in Sources */,
				64B36E0A175E1ADD0033759F /* SBJsonStreamWriter.m in Sources */,
				64B36E0B175E1ADD0033759F /* SBJsonStreamWriterAccumulator.m in Sources */,
				64B36E0C175E1ADD0033759F /* SBJsonStreamWriterState.m in Sources */,
				64B36E0D175E1ADD0033759F /* SBJsonTokeniser.m in Sources */,
				64B36E0E175E1ADD0033759F /* SBJsonUTF8Stream.m in Sources */,
				64B36E0F175E1ADD0033759F /* SBJsonWriter.m in Sources */,
			);
			runOnlyForDeploymentPostprocessing = 0;
		};
/* End PBXSourcesBuildPhase section */

/* Begin PBXVariantGroup section */
		64B36DCD175E11A60033759F /* InfoPlist.strings */ = {
			isa = PBXVariantGroup;
			children = (
				64B36DCE175E11A60033759F /* en */,
			);
			name = InfoPlist.strings;
			sourceTree = "<group>";
		};
		64B36DDF175E11A60033759F /* LoginViewController_iPhone.xib */ = {
			isa = PBXVariantGroup;
			children = (
				64B36DE0175E11A60033759F /* en */,
			);
			name = LoginViewController_iPhone.xib;
			sourceTree = "<group>";
		};
		64B36DE2175E11A60033759F /* LoginViewController_iPad.xib */ = {
			isa = PBXVariantGroup;
			children = (
				64B36DE3175E11A60033759F /* en */,
			);
			name = LoginViewController_iPad.xib;
			sourceTree = "<group>";
		};
/* End PBXVariantGroup section */

/* Begin XCBuildConfiguration section */
		64B36DE5175E11A60033759F /* Debug */ = {
			isa = XCBuildConfiguration;
			buildSettings = {
				ALWAYS_SEARCH_USER_PATHS = NO;
				CLANG_CXX_LANGUAGE_STANDARD = "gnu++0x";
				CLANG_CXX_LIBRARY = "libc++";
				CLANG_ENABLE_OBJC_ARC = YES;
				CLANG_WARN_CONSTANT_CONVERSION = YES;
				CLANG_WARN_EMPTY_BODY = YES;
				CLANG_WARN_ENUM_CONVERSION = YES;
				CLANG_WARN_INT_CONVERSION = YES;
				CLANG_WARN__DUPLICATE_METHOD_MATCH = YES;
				"CODE_SIGN_IDENTITY[sdk=iphoneos*]" = "iPhone Developer";
				COPY_PHASE_STRIP = NO;
				GCC_C_LANGUAGE_STANDARD = gnu99;
				GCC_DYNAMIC_NO_PIC = NO;
				GCC_OPTIMIZATION_LEVEL = 0;
				GCC_PREPROCESSOR_DEFINITIONS = (
					"DEBUG=1",
					"$(inherited)",
				);
				GCC_SYMBOLS_PRIVATE_EXTERN = NO;
				GCC_WARN_ABOUT_RETURN_TYPE = YES;
				GCC_WARN_UNINITIALIZED_AUTOS = YES;
				GCC_WARN_UNUSED_VARIABLE = YES;
				IPHONEOS_DEPLOYMENT_TARGET = 6.1;
				ONLY_ACTIVE_ARCH = YES;
				SDKROOT = iphoneos;
				TARGETED_DEVICE_FAMILY = "1,2";
			};
			name = Debug;
		};
		64B36DE6175E11A60033759F /* Release */ = {
			isa = XCBuildConfiguration;
			buildSettings = {
				ALWAYS_SEARCH_USER_PATHS = NO;
				CLANG_CXX_LANGUAGE_STANDARD = "gnu++0x";
				CLANG_CXX_LIBRARY = "libc++";
				CLANG_ENABLE_OBJC_ARC = YES;
				CLANG_WARN_CONSTANT_CONVERSION = YES;
				CLANG_WARN_EMPTY_BODY = YES;
				CLANG_WARN_ENUM_CONVERSION = YES;
				CLANG_WARN_INT_CONVERSION = YES;
				CLANG_WARN__DUPLICATE_METHOD_MATCH = YES;
				"CODE_SIGN_IDENTITY[sdk=iphoneos*]" = "iPhone Developer";
				COPY_PHASE_STRIP = YES;
				GCC_C_LANGUAGE_STANDARD = gnu99;
				GCC_WARN_ABOUT_RETURN_TYPE = YES;
				GCC_WARN_UNINITIALIZED_AUTOS = YES;
				GCC_WARN_UNUSED_VARIABLE = YES;
				IPHONEOS_DEPLOYMENT_TARGET = 6.1;
				OTHER_CFLAGS = "-DNS_BLOCK_ASSERTIONS=1";
				SDKROOT = iphoneos;
				TARGETED_DEVICE_FAMILY = "1,2";
				VALIDATE_PRODUCT = YES;
			};
			name = Release;
		};
		64B36DE8175E11A60033759F /* Debug */ = {
			isa = XCBuildConfiguration;
			buildSettings = {
				GCC_PRECOMPILE_PREFIX_HEADER = YES;
				GCC_PREFIX_HEADER = "Login/Login-Prefix.pch";
				INFOPLIST_FILE = "Login/Login-Info.plist";
				PRODUCT_NAME = "$(TARGET_NAME)";
				WRAPPER_EXTENSION = app;
			};
			name = Debug;
		};
		64B36DE9175E11A60033759F /* Release */ = {
			isa = XCBuildConfiguration;
			buildSettings = {
				GCC_PRECOMPILE_PREFIX_HEADER = YES;
				GCC_PREFIX_HEADER = "Login/Login-Prefix.pch";
				INFOPLIST_FILE = "Login/Login-Info.plist";
				PRODUCT_NAME = "$(TARGET_NAME)";
				WRAPPER_EXTENSION = app;
			};
			name = Release;
		};
/* End XCBuildConfiguration section */

/* Begin XCConfigurationList section */
		64B36DBC175E11A60033759F /* Build configuration list for PBXProject "Login" */ = {
			isa = XCConfigurationList;
			buildConfigurations = (
				64B36DE5175E11A60033759F /* Debug */,
				64B36DE6175E11A60033759F /* Release */,
			);
			defaultConfigurationIsVisible = 0;
			defaultConfigurationName = Release;
		};
		64B36DE7175E11A60033759F /* Build configuration list for PBXNativeTarget "Login" */ = {
			isa = XCConfigurationList;
			buildConfigurations = (
				64B36DE8175E11A60033759F /* Debug */,
				64B36DE9175E11A60033759F /* Release */,
			);
			defaultConfigurationIsVisible = 0;
		};
/* End XCConfigurationList section */
	};
	rootObject = 64B36DB9175E11A60033759F /* Project object */;
}
