// !$*UTF8*$!
{
	archiveVersion = 1;
	classes = {
	};
	objectVersion = 46;
	objects = {

/* Begin PBXBuildFile section */
		2E0F9E6817608B6A00B4305C /* BookmarkDataController.m in Sources */ = {isa = PBXBuildFile; fileRef = 2E0F9E6717608B6A00B4305C /* BookmarkDataController.m */; };
		2E38EFEF175F6FAC00A41D05 /* BookmarkViewController.m in Sources */ = {isa = PBXBuildFile; fileRef = 2E38EFEE175F6FAB00A41D05 /* BookmarkViewController.m */; };
		2E4136ED1768AF26000DA87E /* Quilt144.png in Resources */ = {isa = PBXBuildFile; fileRef = 2E4136EC1768AF26000DA87E /* Quilt144.png */; };
		2E4136F01768B3D6000DA87E /* RegisterViewController.m in Sources */ = {isa = PBXBuildFile; fileRef = 2E4136EF1768B3D5000DA87E /* RegisterViewController.m */; };
		2E4136F21768C2E1000DA87E /* navBarTexture.png in Resources */ = {isa = PBXBuildFile; fileRef = 2E4136F11768C2E1000DA87E /* navBarTexture.png */; };
		2E7DE7161769E5A200CEF93B /* AccountViewController.m in Sources */ = {isa = PBXBuildFile; fileRef = 2E7DE7151769E5A200CEF93B /* AccountViewController.m */; };
		2EB5C3341760CDAC0084BCD7 /* WebViewController.m in Sources */ = {isa = PBXBuildFile; fileRef = 2EB5C3321760CDAC0084BCD7 /* WebViewController.m */; };
		6420CBDA175F381B00411E5F /* MainStoryboard_iPad.storyboard in Resources */ = {isa = PBXBuildFile; fileRef = 6420CBD9175F381B00411E5F /* MainStoryboard_iPad.storyboard */; };
		6420CBE5175F3B2300411E5F /* LoginViewController.m in Sources */ = {isa = PBXBuildFile; fileRef = 6420CBE3175F3B2300411E5F /* LoginViewController.m */; };
		791051FE1765F55200CC4555 /* IISideController.m in Sources */ = {isa = PBXBuildFile; fileRef = 791051F91765F55200CC4555 /* IISideController.m */; };
		791051FF1765F55200CC4555 /* IIViewDeckController.m in Sources */ = {isa = PBXBuildFile; fileRef = 791051FB1765F55200CC4555 /* IIViewDeckController.m */; };
		791052001765F55200CC4555 /* IIWrapController.m in Sources */ = {isa = PBXBuildFile; fileRef = 791051FD1765F55200CC4555 /* IIWrapController.m */; };
		791052021765F77600CC4555 /* QuartzCore.framework in Frameworks */ = {isa = PBXBuildFile; fileRef = 791052011765F77600CC4555 /* QuartzCore.framework */; };
		791052051765FD9F00CC4555 /* ViewDeckController.m in Sources */ = {isa = PBXBuildFile; fileRef = 791052041765FD9F00CC4555 /* ViewDeckController.m */; };
		79105215176651A900CC4555 /* NDTrie.m in Sources */ = {isa = PBXBuildFile; fileRef = 79105214176651A900CC4555 /* NDTrie.m */; settings = {COMPILER_FLAGS = "-fno-objc-arc"; }; };
		7910521B17674A6400CC4555 /* NavigationBarViewController.m in Sources */ = {isa = PBXBuildFile; fileRef = 7910521A17674A6400CC4555 /* NavigationBarViewController.m */; };
		791052211768AD1400CC4555 /* BookmarkViewFlowLayout.m in Sources */ = {isa = PBXBuildFile; fileRef = 791052201768AD1400CC4555 /* BookmarkViewFlowLayout.m */; };
		793064331769E7A8005FA5BF /* ScreenshotSelectionView.m in Sources */ = {isa = PBXBuildFile; fileRef = 793064321769E7A8005FA5BF /* ScreenshotSelectionView.m */; };
		795288C517590D3500158F8E /* UIBookmark.m in Sources */ = {isa = PBXBuildFile; fileRef = 795288C417590D3500158F8E /* UIBookmark.m */; };
		795288CB1759276600158F8E /* Account.m in Sources */ = {isa = PBXBuildFile; fileRef = 795288CA1759276600158F8E /* Account.m */; };
		795288D4175AB33D00158F8E /* NetworkClient.m in Sources */ = {isa = PBXBuildFile; fileRef = 795288D3175AB33D00158F8E /* NetworkClient.m */; };
		79B9314917612E8C006911AF /* AddBookmarkViewController.m in Sources */ = {isa = PBXBuildFile; fileRef = 79B9314817612E8C006911AF /* AddBookmarkViewController.m */; };
		79BEAD2B1754FCAC0056DFBD /* UIKit.framework in Frameworks */ = {isa = PBXBuildFile; fileRef = 79BEAD2A1754FCAC0056DFBD /* UIKit.framework */; };
		79BEAD2D1754FCAC0056DFBD /* Foundation.framework in Frameworks */ = {isa = PBXBuildFile; fileRef = 79BEAD2C1754FCAC0056DFBD /* Foundation.framework */; };
		79BEAD2F1754FCAC0056DFBD /* CoreGraphics.framework in Frameworks */ = {isa = PBXBuildFile; fileRef = 79BEAD2E1754FCAC0056DFBD /* CoreGraphics.framework */; };
		79BEAD351754FCAC0056DFBD /* InfoPlist.strings in Resources */ = {isa = PBXBuildFile; fileRef = 79BEAD331754FCAC0056DFBD /* InfoPlist.strings */; };
		79BEAD371754FCAC0056DFBD /* main.m in Sources */ = {isa = PBXBuildFile; fileRef = 79BEAD361754FCAC0056DFBD /* main.m */; };
		79BEAD3B1754FCAC0056DFBD /* AppDelegate.m in Sources */ = {isa = PBXBuildFile; fileRef = 79BEAD3A1754FCAC0056DFBD /* AppDelegate.m */; };
		79BEAD3D1754FCAC0056DFBD /* Default.png in Resources */ = {isa = PBXBuildFile; fileRef = 79BEAD3C1754FCAC0056DFBD /* Default.png */; };
		79BEAD3F1754FCAC0056DFBD /* Default@2x.png in Resources */ = {isa = PBXBuildFile; fileRef = 79BEAD3E1754FCAC0056DFBD /* Default@2x.png */; };
		79BEAD411754FCAC0056DFBD /* Default-568h@2x.png in Resources */ = {isa = PBXBuildFile; fileRef = 79BEAD401754FCAC0056DFBD /* Default-568h@2x.png */; };
		79EC4ABF1760AAE300D6F757 /* NetworkController.m in Sources */ = {isa = PBXBuildFile; fileRef = 79EC4ABE1760AAE300D6F757 /* NetworkController.m */; };
/* End PBXBuildFile section */

/* Begin PBXFileReference section */
		2E0F9E6617608B6A00B4305C /* BookmarkDataController.h */ = {isa = PBXFileReference; fileEncoding = 4; lastKnownFileType = sourcecode.c.h; path = BookmarkDataController.h; sourceTree = "<group>"; };
		2E0F9E6717608B6A00B4305C /* BookmarkDataController.m */ = {isa = PBXFileReference; fileEncoding = 4; lastKnownFileType = sourcecode.c.objc; path = BookmarkDataController.m; sourceTree = "<group>"; };
		2E38EFED175F6FAB00A41D05 /* BookmarkViewController.h */ = {isa = PBXFileReference; fileEncoding = 4; lastKnownFileType = sourcecode.c.h; path = BookmarkViewController.h; sourceTree = "<group>"; };
		2E38EFEE175F6FAB00A41D05 /* BookmarkViewController.m */ = {isa = PBXFileReference; fileEncoding = 4; lastKnownFileType = sourcecode.c.objc; path = BookmarkViewController.m; sourceTree = "<group>"; };
		2E4136EC1768AF26000DA87E /* Quilt144.png */ = {isa = PBXFileReference; lastKnownFileType = image.png; path = Quilt144.png; sourceTree = "<group>"; };
		2E4136EE1768B3D5000DA87E /* RegisterViewController.h */ = {isa = PBXFileReference; fileEncoding = 4; lastKnownFileType = sourcecode.c.h; path = RegisterViewController.h; sourceTree = "<group>"; };
		2E4136EF1768B3D5000DA87E /* RegisterViewController.m */ = {isa = PBXFileReference; fileEncoding = 4; lastKnownFileType = sourcecode.c.objc; path = RegisterViewController.m; sourceTree = "<group>"; };
		2E4136F11768C2E1000DA87E /* navBarTexture.png */ = {isa = PBXFileReference; lastKnownFileType = image.png; path = navBarTexture.png; sourceTree = "<group>"; };
		2E7DE7141769E5A200CEF93B /* AccountViewController.h */ = {isa = PBXFileReference; fileEncoding = 4; lastKnownFileType = sourcecode.c.h; path = AccountViewController.h; sourceTree = "<group>"; };
		2E7DE7151769E5A200CEF93B /* AccountViewController.m */ = {isa = PBXFileReference; fileEncoding = 4; lastKnownFileType = sourcecode.c.objc; path = AccountViewController.m; sourceTree = "<group>"; };
		2EB5C3311760CDAC0084BCD7 /* WebViewController.h */ = {isa = PBXFileReference; fileEncoding = 4; lastKnownFileType = sourcecode.c.h; path = WebViewController.h; sourceTree = "<group>"; };
		2EB5C3321760CDAC0084BCD7 /* WebViewController.m */ = {isa = PBXFileReference; fileEncoding = 4; lastKnownFileType = sourcecode.c.objc; path = WebViewController.m; sourceTree = "<group>"; };
		6420CBD9175F381B00411E5F /* MainStoryboard_iPad.storyboard */ = {isa = PBXFileReference; fileEncoding = 4; lastKnownFileType = file.storyboard; path = MainStoryboard_iPad.storyboard; sourceTree = "<group>"; };
		6420CBE2175F3B2300411E5F /* LoginViewController.h */ = {isa = PBXFileReference; fileEncoding = 4; lastKnownFileType = sourcecode.c.h; name = LoginViewController.h; path = ../LoginViewController.h; sourceTree = "<group>"; };
		6420CBE3175F3B2300411E5F /* LoginViewController.m */ = {isa = PBXFileReference; fileEncoding = 4; lastKnownFileType = sourcecode.c.objc; name = LoginViewController.m; path = ../LoginViewController.m; sourceTree = "<group>"; };
		791051F81765F55200CC4555 /* IISideController.h */ = {isa = PBXFileReference; fileEncoding = 4; lastKnownFileType = sourcecode.c.h; path = IISideController.h; sourceTree = "<group>"; };
		791051F91765F55200CC4555 /* IISideController.m */ = {isa = PBXFileReference; fileEncoding = 4; lastKnownFileType = sourcecode.c.objc; path = IISideController.m; sourceTree = "<group>"; };
		791051FA1765F55200CC4555 /* IIViewDeckController.h */ = {isa = PBXFileReference; fileEncoding = 4; lastKnownFileType = sourcecode.c.h; path = IIViewDeckController.h; sourceTree = "<group>"; };
		791051FB1765F55200CC4555 /* IIViewDeckController.m */ = {isa = PBXFileReference; fileEncoding = 4; lastKnownFileType = sourcecode.c.objc; path = IIViewDeckController.m; sourceTree = "<group>"; };
		791051FC1765F55200CC4555 /* IIWrapController.h */ = {isa = PBXFileReference; fileEncoding = 4; lastKnownFileType = sourcecode.c.h; path = IIWrapController.h; sourceTree = "<group>"; };
		791051FD1765F55200CC4555 /* IIWrapController.m */ = {isa = PBXFileReference; fileEncoding = 4; lastKnownFileType = sourcecode.c.objc; path = IIWrapController.m; sourceTree = "<group>"; };
		791052011765F77600CC4555 /* QuartzCore.framework */ = {isa = PBXFileReference; lastKnownFileType = wrapper.framework; name = QuartzCore.framework; path = System/Library/Frameworks/QuartzCore.framework; sourceTree = SDKROOT; };
		791052031765FD9F00CC4555 /* ViewDeckController.h */ = {isa = PBXFileReference; fileEncoding = 4; lastKnownFileType = sourcecode.c.h; path = ViewDeckController.h; sourceTree = "<group>"; };
		791052041765FD9F00CC4555 /* ViewDeckController.m */ = {isa = PBXFileReference; fileEncoding = 4; lastKnownFileType = sourcecode.c.objc; path = ViewDeckController.m; sourceTree = "<group>"; };
		79105213176651A900CC4555 /* NDTrie.h */ = {isa = PBXFileReference; fileEncoding = 4; lastKnownFileType = sourcecode.c.h; path = NDTrie.h; sourceTree = "<group>"; };
		79105214176651A900CC4555 /* NDTrie.m */ = {isa = PBXFileReference; fileEncoding = 4; lastKnownFileType = sourcecode.c.objc; path = NDTrie.m; sourceTree = "<group>"; };
		7910521717673D2900CC4555 /* Quilt-Info.plist */ = {isa = PBXFileReference; fileEncoding = 4; lastKnownFileType = text.plist.xml; path = "Quilt-Info.plist"; sourceTree = "<group>"; };
		7910521917674A6400CC4555 /* NavigationBarViewController.h */ = {isa = PBXFileReference; fileEncoding = 4; lastKnownFileType = sourcecode.c.h; path = NavigationBarViewController.h; sourceTree = "<group>"; };
		7910521A17674A6400CC4555 /* NavigationBarViewController.m */ = {isa = PBXFileReference; fileEncoding = 4; lastKnownFileType = sourcecode.c.objc; path = NavigationBarViewController.m; sourceTree = "<group>"; };
		7910521F1768AD1400CC4555 /* BookmarkViewFlowLayout.h */ = {isa = PBXFileReference; fileEncoding = 4; lastKnownFileType = sourcecode.c.h; path = BookmarkViewFlowLayout.h; sourceTree = "<group>"; };
		791052201768AD1400CC4555 /* BookmarkViewFlowLayout.m */ = {isa = PBXFileReference; fileEncoding = 4; lastKnownFileType = sourcecode.c.objc; path = BookmarkViewFlowLayout.m; sourceTree = "<group>"; };
		793064311769E7A7005FA5BF /* ScreenshotSelectionView.h */ = {isa = PBXFileReference; fileEncoding = 4; lastKnownFileType = sourcecode.c.h; path = ScreenshotSelectionView.h; sourceTree = "<group>"; };
		793064321769E7A8005FA5BF /* ScreenshotSelectionView.m */ = {isa = PBXFileReference; fileEncoding = 4; lastKnownFileType = sourcecode.c.objc; path = ScreenshotSelectionView.m; sourceTree = "<group>"; };
		795288C317590D3500158F8E /* UIBookmark.h */ = {isa = PBXFileReference; fileEncoding = 4; lastKnownFileType = sourcecode.c.h; path = UIBookmark.h; sourceTree = "<group>"; };
		795288C417590D3500158F8E /* UIBookmark.m */ = {isa = PBXFileReference; fileEncoding = 4; lastKnownFileType = sourcecode.c.objc; path = UIBookmark.m; sourceTree = "<group>"; };
		795288C91759276600158F8E /* Account.h */ = {isa = PBXFileReference; fileEncoding = 4; lastKnownFileType = sourcecode.c.h; path = Account.h; sourceTree = "<group>"; };
		795288CA1759276600158F8E /* Account.m */ = {isa = PBXFileReference; fileEncoding = 4; lastKnownFileType = sourcecode.c.objc; path = Account.m; sourceTree = "<group>"; };
		795288D2175AB33C00158F8E /* NetworkClient.h */ = {isa = PBXFileReference; fileEncoding = 4; lastKnownFileType = sourcecode.c.h; path = NetworkClient.h; sourceTree = "<group>"; };
		795288D3175AB33D00158F8E /* NetworkClient.m */ = {isa = PBXFileReference; fileEncoding = 4; lastKnownFileType = sourcecode.c.objc; path = NetworkClient.m; sourceTree = "<group>"; };
		79B9314717612E8C006911AF /* AddBookmarkViewController.h */ = {isa = PBXFileReference; fileEncoding = 4; lastKnownFileType = sourcecode.c.h; path = AddBookmarkViewController.h; sourceTree = "<group>"; };
		79B9314817612E8C006911AF /* AddBookmarkViewController.m */ = {isa = PBXFileReference; fileEncoding = 4; lastKnownFileType = sourcecode.c.objc; path = AddBookmarkViewController.m; sourceTree = "<group>"; };
		79BEAD271754FCAC0056DFBD /* Quilt.app */ = {isa = PBXFileReference; explicitFileType = wrapper.application; includeInIndex = 0; path = Quilt.app; sourceTree = BUILT_PRODUCTS_DIR; };
		79BEAD2A1754FCAC0056DFBD /* UIKit.framework */ = {isa = PBXFileReference; lastKnownFileType = wrapper.framework; name = UIKit.framework; path = System/Library/Frameworks/UIKit.framework; sourceTree = SDKROOT; };
		79BEAD2C1754FCAC0056DFBD /* Foundation.framework */ = {isa = PBXFileReference; lastKnownFileType = wrapper.framework; name = Foundation.framework; path = System/Library/Frameworks/Foundation.framework; sourceTree = SDKROOT; };
		79BEAD2E1754FCAC0056DFBD /* CoreGraphics.framework */ = {isa = PBXFileReference; lastKnownFileType = wrapper.framework; name = CoreGraphics.framework; path = System/Library/Frameworks/CoreGraphics.framework; sourceTree = SDKROOT; };
		79BEAD341754FCAC0056DFBD /* en */ = {isa = PBXFileReference; lastKnownFileType = text.plist.strings; name = en; path = en.lproj/InfoPlist.strings; sourceTree = "<group>"; };
		79BEAD361754FCAC0056DFBD /* main.m */ = {isa = PBXFileReference; lastKnownFileType = sourcecode.c.objc; path = main.m; sourceTree = "<group>"; };
		79BEAD381754FCAC0056DFBD /* Quilt-Prefix.pch */ = {isa = PBXFileReference; lastKnownFileType = sourcecode.c.h; path = "Quilt-Prefix.pch"; sourceTree = "<group>"; };
		79BEAD391754FCAC0056DFBD /* AppDelegate.h */ = {isa = PBXFileReference; lastKnownFileType = sourcecode.c.h; path = AppDelegate.h; sourceTree = "<group>"; };
		79BEAD3A1754FCAC0056DFBD /* AppDelegate.m */ = {isa = PBXFileReference; lastKnownFileType = sourcecode.c.objc; path = AppDelegate.m; sourceTree = "<group>"; };
		79BEAD3C1754FCAC0056DFBD /* Default.png */ = {isa = PBXFileReference; lastKnownFileType = image.png; path = Default.png; sourceTree = "<group>"; };
		79BEAD3E1754FCAC0056DFBD /* Default@2x.png */ = {isa = PBXFileReference; lastKnownFileType = image.png; path = "Default@2x.png"; sourceTree = "<group>"; };
		79BEAD401754FCAC0056DFBD /* Default-568h@2x.png */ = {isa = PBXFileReference; lastKnownFileType = image.png; path = "Default-568h@2x.png"; sourceTree = "<group>"; };
		79EC4ABD1760AAE300D6F757 /* NetworkController.h */ = {isa = PBXFileReference; fileEncoding = 4; lastKnownFileType = sourcecode.c.h; path = NetworkController.h; sourceTree = "<group>"; };
		79EC4ABE1760AAE300D6F757 /* NetworkController.m */ = {isa = PBXFileReference; fileEncoding = 4; lastKnownFileType = sourcecode.c.objc; path = NetworkController.m; sourceTree = "<group>"; };
/* End PBXFileReference section */

/* Begin PBXFrameworksBuildPhase section */
		79BEAD241754FCAC0056DFBD /* Frameworks */ = {
			isa = PBXFrameworksBuildPhase;
			buildActionMask = 2147483647;
			files = (
				791052021765F77600CC4555 /* QuartzCore.framework in Frameworks */,
				79BEAD2B1754FCAC0056DFBD /* UIKit.framework in Frameworks */,
				79BEAD2D1754FCAC0056DFBD /* Foundation.framework in Frameworks */,
				79BEAD2F1754FCAC0056DFBD /* CoreGraphics.framework in Frameworks */,
			);
			runOnlyForDeploymentPostprocessing = 0;
		};
/* End PBXFrameworksBuildPhase section */

/* Begin PBXGroup section */
		791051F71765F55200CC4555 /* ViewDeck */ = {
			isa = PBXGroup;
			children = (
				791051F81765F55200CC4555 /* IISideController.h */,
				791051F91765F55200CC4555 /* IISideController.m */,
				791051FA1765F55200CC4555 /* IIViewDeckController.h */,
				791051FB1765F55200CC4555 /* IIViewDeckController.m */,
				791051FC1765F55200CC4555 /* IIWrapController.h */,
				791051FD1765F55200CC4555 /* IIWrapController.m */,
			);
			path = ViewDeck;
			sourceTree = "<group>";
		};
		79BEAD1E1754FCAC0056DFBD = {
			isa = PBXGroup;
			children = (
				791052011765F77600CC4555 /* QuartzCore.framework */,
				79BEAD301754FCAC0056DFBD /* Webapps */,
				79BEAD291754FCAC0056DFBD /* Frameworks */,
				79BEAD281754FCAC0056DFBD /* Products */,
			);
			sourceTree = "<group>";
		};
		79BEAD281754FCAC0056DFBD /* Products */ = {
			isa = PBXGroup;
			children = (
				79BEAD271754FCAC0056DFBD /* Quilt.app */,
			);
			name = Products;
			sourceTree = "<group>";
		};
		79BEAD291754FCAC0056DFBD /* Frameworks */ = {
			isa = PBXGroup;
			children = (
				79BEAD2A1754FCAC0056DFBD /* UIKit.framework */,
				79BEAD2C1754FCAC0056DFBD /* Foundation.framework */,
				79BEAD2E1754FCAC0056DFBD /* CoreGraphics.framework */,
			);
			name = Frameworks;
			sourceTree = "<group>";
		};
		79BEAD301754FCAC0056DFBD /* Webapps */ = {
			isa = PBXGroup;
			children = (
				795288C91759276600158F8E /* Account.h */,
				795288CA1759276600158F8E /* Account.m */,
				2E7DE7141769E5A200CEF93B /* AccountViewController.h */,
				2E7DE7151769E5A200CEF93B /* AccountViewController.m */,
				79B9314717612E8C006911AF /* AddBookmarkViewController.h */,
				79B9314817612E8C006911AF /* AddBookmarkViewController.m */,
				79BEAD391754FCAC0056DFBD /* AppDelegate.h */,
				79BEAD3A1754FCAC0056DFBD /* AppDelegate.m */,
				2E0F9E6617608B6A00B4305C /* BookmarkDataController.h */,
				2E0F9E6717608B6A00B4305C /* BookmarkDataController.m */,
				2E38EFED175F6FAB00A41D05 /* BookmarkViewController.h */,
				2E38EFEE175F6FAB00A41D05 /* BookmarkViewController.m */,
				6420CBE2175F3B2300411E5F /* LoginViewController.h */,
				6420CBE3175F3B2300411E5F /* LoginViewController.m */,
				6420CBD9175F381B00411E5F /* MainStoryboard_iPad.storyboard */,
				7910521F1768AD1400CC4555 /* BookmarkViewFlowLayout.h */,
				791052201768AD1400CC4555 /* BookmarkViewFlowLayout.m */,
				7910521917674A6400CC4555 /* NavigationBarViewController.h */,
				7910521A17674A6400CC4555 /* NavigationBarViewController.m */,
				79105213176651A900CC4555 /* NDTrie.h */,
				79105214176651A900CC4555 /* NDTrie.m */,
				795288D2175AB33C00158F8E /* NetworkClient.h */,
				795288D3175AB33D00158F8E /* NetworkClient.m */,
				79EC4ABD1760AAE300D6F757 /* NetworkController.h */,
				79EC4ABE1760AAE300D6F757 /* NetworkController.m */,
				2E4136F11768C2E1000DA87E /* navBarTexture.png */,
				2E4136EC1768AF26000DA87E /* Quilt144.png */,
				2E4136EE1768B3D5000DA87E /* RegisterViewController.h */,
				2E4136EF1768B3D5000DA87E /* RegisterViewController.m */,
				795288C417590D3500158F8E /* UIBookmark.m */,
				791052031765FD9F00CC4555 /* ViewDeckController.h */,
				791052041765FD9F00CC4555 /* ViewDeckController.m */,
				2EB5C3311760CDAC0084BCD7 /* WebViewController.h */,
				2EB5C3321760CDAC0084BCD7 /* WebViewController.m */,
				793064311769E7A7005FA5BF /* ScreenshotSelectionView.h */,
				793064321769E7A8005FA5BF /* ScreenshotSelectionView.m */,
				79BEAD311754FCAC0056DFBD /* Supporting Files */,
				791051F71765F55200CC4555 /* ViewDeck */,
			);
			path = Webapps;
			sourceTree = "<group>";
		};
		79BEAD311754FCAC0056DFBD /* Supporting Files */ = {
			isa = PBXGroup;
			children = (
				7910521717673D2900CC4555 /* Quilt-Info.plist */,
				79BEAD331754FCAC0056DFBD /* InfoPlist.strings */,
				79BEAD361754FCAC0056DFBD /* main.m */,
				79BEAD381754FCAC0056DFBD /* Quilt-Prefix.pch */,
				79BEAD3C1754FCAC0056DFBD /* Default.png */,
				79BEAD3E1754FCAC0056DFBD /* Default@2x.png */,
				79BEAD401754FCAC0056DFBD /* Default-568h@2x.png */,
			);
			name = "Supporting Files";
			sourceTree = "<group>";
		};
/* End PBXGroup section */

/* Begin PBXNativeTarget section */
		79BEAD261754FCAC0056DFBD /* Quilt */ = {
			isa = PBXNativeTarget;
			buildConfigurationList = 79BEAD441754FCAC0056DFBD /* Build configuration list for PBXNativeTarget "Quilt" */;
			buildPhases = (
				79BEAD231754FCAC0056DFBD /* Sources */,
				79BEAD241754FCAC0056DFBD /* Frameworks */,
				79BEAD251754FCAC0056DFBD /* Resources */,
			);
			buildRules = (
			);
			dependencies = (
			);
			name = Quilt;
			productName = Webapps;
			productReference = 79BEAD271754FCAC0056DFBD /* Quilt.app */;
			productType = "com.apple.product-type.application";
		};
/* End PBXNativeTarget section */

/* Begin PBXProject section */
		79BEAD1F1754FCAC0056DFBD /* Project object */ = {
			isa = PBXProject;
			attributes = {
				LastUpgradeCheck = 0460;
				ORGANIZATIONNAME = "Team Awesome";
			};
			buildConfigurationList = 79BEAD221754FCAC0056DFBD /* Build configuration list for PBXProject "Quilt" */;
			compatibilityVersion = "Xcode 3.2";
			developmentRegion = English;
			hasScannedForEncodings = 0;
			knownRegions = (
				en,
			);
			mainGroup = 79BEAD1E1754FCAC0056DFBD;
			productRefGroup = 79BEAD281754FCAC0056DFBD /* Products */;
			projectDirPath = "";
			projectRoot = "";
			targets = (
				79BEAD261754FCAC0056DFBD /* Quilt */,
			);
		};
/* End PBXProject section */

/* Begin PBXResourcesBuildPhase section */
		79BEAD251754FCAC0056DFBD /* Resources */ = {
			isa = PBXResourcesBuildPhase;
			buildActionMask = 2147483647;
			files = (
				79BEAD351754FCAC0056DFBD /* InfoPlist.strings in Resources */,
				79BEAD3D1754FCAC0056DFBD /* Default.png in Resources */,
				79BEAD3F1754FCAC0056DFBD /* Default@2x.png in Resources */,
				79BEAD411754FCAC0056DFBD /* Default-568h@2x.png in Resources */,
				6420CBDA175F381B00411E5F /* MainStoryboard_iPad.storyboard in Resources */,
				2E4136ED1768AF26000DA87E /* Quilt144.png in Resources */,
				2E4136F21768C2E1000DA87E /* navBarTexture.png in Resources */,
			);
			runOnlyForDeploymentPostprocessing = 0;
		};
/* End PBXResourcesBuildPhase section */

/* Begin PBXSourcesBuildPhase section */
		79BEAD231754FCAC0056DFBD /* Sources */ = {
			isa = PBXSourcesBuildPhase;
			buildActionMask = 2147483647;
			files = (
				79BEAD371754FCAC0056DFBD /* main.m in Sources */,
				79BEAD3B1754FCAC0056DFBD /* AppDelegate.m in Sources */,
				795288C517590D3500158F8E /* UIBookmark.m in Sources */,
				795288CB1759276600158F8E /* Account.m in Sources */,
				795288D4175AB33D00158F8E /* NetworkClient.m in Sources */,
				6420CBE5175F3B2300411E5F /* LoginViewController.m in Sources */,
				2E38EFEF175F6FAC00A41D05 /* BookmarkViewController.m in Sources */,
				2E0F9E6817608B6A00B4305C /* BookmarkDataController.m in Sources */,
				79EC4ABF1760AAE300D6F757 /* NetworkController.m in Sources */,
				2EB5C3341760CDAC0084BCD7 /* WebViewController.m in Sources */,
				79B9314917612E8C006911AF /* AddBookmarkViewController.m in Sources */,
				791051FE1765F55200CC4555 /* IISideController.m in Sources */,
				791051FF1765F55200CC4555 /* IIViewDeckController.m in Sources */,
				791052001765F55200CC4555 /* IIWrapController.m in Sources */,
				791052051765FD9F00CC4555 /* ViewDeckController.m in Sources */,
				79105215176651A900CC4555 /* NDTrie.m in Sources */,
				7910521B17674A6400CC4555 /* NavigationBarViewController.m in Sources */,
				791052211768AD1400CC4555 /* BookmarkViewFlowLayout.m in Sources */,
				2E4136F01768B3D6000DA87E /* RegisterViewController.m in Sources */,
				2E7DE7161769E5A200CEF93B /* AccountViewController.m in Sources */,
				793064331769E7A8005FA5BF /* ScreenshotSelectionView.m in Sources */,
			);
			runOnlyForDeploymentPostprocessing = 0;
		};
/* End PBXSourcesBuildPhase section */

/* Begin PBXVariantGroup section */
		79BEAD331754FCAC0056DFBD /* InfoPlist.strings */ = {
			isa = PBXVariantGroup;
			children = (
				79BEAD341754FCAC0056DFBD /* en */,
			);
			name = InfoPlist.strings;
			sourceTree = "<group>";
		};
/* End PBXVariantGroup section */

/* Begin XCBuildConfiguration section */
		79BEAD421754FCAC0056DFBD /* Debug */ = {
			isa = XCBuildConfiguration;
			buildSettings = {
				ALWAYS_SEARCH_USER_PATHS = NO;
				CLANG_CXX_LANGUAGE_STANDARD = "gnu++0x";
				CLANG_CXX_LIBRARY = "libc++";
				CLANG_ENABLE_OBJC_ARC = YES;
				CLANG_WARN_CONSTANT_CONVERSION = YES;
				CLANG_WARN_EMPTY_BODY = YES;
				CLANG_WARN_ENUM_CONVERSION = YES;
				CLANG_WARN_INT_CONVERSION = YES;
				CLANG_WARN__DUPLICATE_METHOD_MATCH = YES;
				"CODE_SIGN_IDENTITY[sdk=iphoneos*]" = "iPhone Developer";
				COPY_PHASE_STRIP = NO;
				GCC_C_LANGUAGE_STANDARD = gnu99;
				GCC_DYNAMIC_NO_PIC = NO;
				GCC_OPTIMIZATION_LEVEL = 0;
				GCC_PREPROCESSOR_DEFINITIONS = (
					"DEBUG=1",
					"$(inherited)",
				);
				GCC_SYMBOLS_PRIVATE_EXTERN = NO;
				GCC_WARN_ABOUT_RETURN_TYPE = YES;
				GCC_WARN_UNINITIALIZED_AUTOS = YES;
				GCC_WARN_UNUSED_VARIABLE = YES;
				IPHONEOS_DEPLOYMENT_TARGET = 6.1;
				ONLY_ACTIVE_ARCH = YES;
				SDKROOT = iphoneos;
				TARGETED_DEVICE_FAMILY = 2;
			};
			name = Debug;
		};
		79BEAD431754FCAC0056DFBD /* Release */ = {
			isa = XCBuildConfiguration;
			buildSettings = {
				ALWAYS_SEARCH_USER_PATHS = NO;
				CLANG_CXX_LANGUAGE_STANDARD = "gnu++0x";
				CLANG_CXX_LIBRARY = "libc++";
				CLANG_ENABLE_OBJC_ARC = YES;
				CLANG_WARN_CONSTANT_CONVERSION = YES;
				CLANG_WARN_EMPTY_BODY = YES;
				CLANG_WARN_ENUM_CONVERSION = YES;
				CLANG_WARN_INT_CONVERSION = YES;
				CLANG_WARN__DUPLICATE_METHOD_MATCH = YES;
				"CODE_SIGN_IDENTITY[sdk=iphoneos*]" = "iPhone Developer";
				COPY_PHASE_STRIP = YES;
				GCC_C_LANGUAGE_STANDARD = gnu99;
				GCC_WARN_ABOUT_RETURN_TYPE = YES;
				GCC_WARN_UNINITIALIZED_AUTOS = YES;
				GCC_WARN_UNUSED_VARIABLE = YES;
				IPHONEOS_DEPLOYMENT_TARGET = 6.1;
				OTHER_CFLAGS = "-DNS_BLOCK_ASSERTIONS=1";
				SDKROOT = iphoneos;
				TARGETED_DEVICE_FAMILY = 2;
				VALIDATE_PRODUCT = YES;
			};
			name = Release;
		};
		79BEAD451754FCAC0056DFBD /* Debug */ = {
			isa = XCBuildConfiguration;
			buildSettings = {
				GCC_PRECOMPILE_PREFIX_HEADER = YES;
				GCC_PREFIX_HEADER = "Webapps/Quilt-Prefix.pch";
				INFOPLIST_FILE = "Webapps/Quilt-Info.plist";
				PRODUCT_NAME = Quilt;
				WRAPPER_EXTENSION = app;
			};
			name = Debug;
		};
		79BEAD461754FCAC0056DFBD /* Release */ = {
			isa = XCBuildConfiguration;
			buildSettings = {
				GCC_PRECOMPILE_PREFIX_HEADER = YES;
				GCC_PREFIX_HEADER = "Webapps/Quilt-Prefix.pch";
				INFOPLIST_FILE = "Webapps/Quilt-Info.plist";
				PRODUCT_NAME = Quilt;
				WRAPPER_EXTENSION = app;
			};
			name = Release;
		};
/* End XCBuildConfiguration section */

/* Begin XCConfigurationList section */
		79BEAD221754FCAC0056DFBD /* Build configuration list for PBXProject "Quilt" */ = {
			isa = XCConfigurationList;
			buildConfigurations = (
				79BEAD421754FCAC0056DFBD /* Debug */,
				79BEAD431754FCAC0056DFBD /* Release */,
			);
			defaultConfigurationIsVisible = 0;
			defaultConfigurationName = Release;
		};
		79BEAD441754FCAC0056DFBD /* Build configuration list for PBXNativeTarget "Quilt" */ = {
			isa = XCConfigurationList;
			buildConfigurations = (
				79BEAD451754FCAC0056DFBD /* Debug */,
				79BEAD461754FCAC0056DFBD /* Release */,
			);
			defaultConfigurationIsVisible = 0;
			defaultConfigurationName = Release;
		};
/* End XCConfigurationList section */
	};
	rootObject = 79BEAD1F1754FCAC0056DFBD /* Project object */;
}
